{
  "name": "sshscript",
  "version": "1.0.0",
  "lockfileVersion": 1,
  "requires": true,
  "dependencies": {
    "ssh-keygen": {
      "version": "0.4.2",
      "resolved": "https://registry.npmjs.org/ssh-keygen/-/ssh-keygen-0.4.2.tgz",
      "integrity": "sha512-SlEWW3cCtz87jwtCTfxo+tR+SQd4jJXWaBI/D9JVd74b2/N9ZvrWcd9lMFwFv0iMYb4aVAeMderH4AK5ZyW+Nw==",
      "requires": {
        "underscore": "1.4.x"
      }
    },
    "underscore": {
      "version": "1.4.4",
      "resolved": "https://registry.npmjs.org/underscore/-/underscore-1.4.4.tgz",
      "integrity": "sha1-YaajIBBiKvoHljvzJSA88SI51gQ="
    }
  }
}
